
Microsoft Visual Studio Solution File, Format Version 12.00
# Visual Studio Version 16
VisualStudioVersion = 16.0.30204.135
MinimumVisualStudioVersion = 10.0.40219.1
Project("{9A19103F-16F7-4668-BE54-9A1E7A4F7556}") = "DiscordPrtScrShareService", "..\DiscordPrtScrShare\DiscordPrtScrShareService.csproj", "{06106742-4019-4C78-9BD5-A527682F5AFC}"
EndProject
Project("{FAE04EC0-301F-11D3-BF4B-00C04F79EFBC}") = "DiscordPrtScrShareApp", "..\DiscordPrtScreenShareApp\DiscordPrtScrShareApp\DiscordPrtScrShareApp.csproj", "{0D0FD122-5AEE-4E71-B79D-EB7E13828C06}"
EndProject
Global
	GlobalSection(SolutionConfigurationPlatforms) = preSolution
		Debug|Any CPU = Debug|Any CPU
		Release|Any CPU = Release|Any CPU
	EndGlobalSection
	GlobalSection(ProjectConfigurationPlatforms) = postSolution
		{06106742-4019-4C78-9BD5-A527682F5AFC}.Debug|Any CPU.ActiveCfg = Debug|Any CPU
		{06106742-4019-4C78-9BD5-A527682F5AFC}.Debug|Any CPU.Build.0 = Debug|Any CPU
		{06106742-4019-4C78-9BD5-A527682F5AFC}.Release|Any CPU.ActiveCfg = Release|Any CPU
		{06106742-4019-4C78-9BD5-A527682F5AFC}.Release|Any CPU.Build.0 = Release|Any CPU
		{0D0FD122-5AEE-4E71-B79D-EB7E13828C06}.Debug|Any CPU.ActiveCfg = Debug|Any CPU
		{0D0FD122-5AEE-4E71-B79D-EB7E13828C06}.Debug|Any CPU.Build.0 = Debug|Any CPU
		{0D0FD122-5AEE-4E71-B79D-EB7E13828C06}.Release|Any CPU.ActiveCfg = Release|Any CPU
		{0D0FD122-5AEE-4E71-B79D-EB7E13828C06}.Release|Any CPU.Build.0 = Release|Any CPU
	EndGlobalSection
	GlobalSection(SolutionProperties) = preSolution
		HideSolutionNode = FALSE
	EndGlobalSection
	GlobalSection(ExtensibilityGlobals) = postSolution
		SolutionGuid = {845C873E-BE1E-4E26-B0B8-38C5DC63EA3D}
	EndGlobalSection
EndGlobal
